{
  "name": "test_traffic",
  "lockfileVersion": 3,
  "requires": true,
  "packages": {
    "": {
      "devDependencies": {
        "@types/k6": "^0.53.0"
      }
    },
    "node_modules/@types/k6": {
      "version": "0.53.0",
      "resolved": "https://registry.npmjs.org/@types/k6/-/k6-0.53.0.tgz",
      "integrity": "sha512-5gvPxn4I7b08AS0UZPjYALg4rg4rslSNVfHPiZ1ta0EEwsJOd+uKMkvwGkQOKy0a/8HAfthxD61Qci1kXcJOjg==",
      "dev": true
    }
  }
}
